
Microsoft Visual Studio Solution File, Format Version 12.00
# Visual Studio Version 16
VisualStudioVersion = 16.0.28407.52
MinimumVisualStudioVersion = 15.0.26124.0
Project("{2150E333-8FDC-42A3-9474-1A3956D46DE8}") = "src", "src", "{793933BE-72CF-49A9-BB0E-37AC683D20F1}"
EndProject
Project("{9A19103F-16F7-4668-BE54-9A1E7A4F7556}") = "Mordor", "src\Mordor.Process\Mordor.Process.csproj", "{FD11F5FC-AE8F-40BA-A399-A09196526DCE}"
EndProject
Project("{FAE04EC0-301F-11D3-BF4B-00C04F79EFBC}") = "ConsoleApp1", "src\ConsoleApp1\ConsoleApp1.csproj", "{A70A2747-32ED-447C-8682-6ECADD7792D1}"
EndProject
Global
	GlobalSection(SolutionConfigurationPlatforms) = preSolution
		Debug|Any CPU = Debug|Any CPU
		Debug|x64 = Debug|x64
		Debug|x86 = Debug|x86
		Release|Any CPU = Release|Any CPU
		Release|x64 = Release|x64
		Release|x86 = Release|x86
	EndGlobalSection
	GlobalSection(ProjectConfigurationPlatforms) = postSolution
		{FD11F5FC-AE8F-40BA-A399-A09196526DCE}.Debug|Any CPU.ActiveCfg = Debug|Any CPU
		{FD11F5FC-AE8F-40BA-A399-A09196526DCE}.Debug|Any CPU.Build.0 = Debug|Any CPU
		{FD11F5FC-AE8F-40BA-A399-A09196526DCE}.Debug|x64.ActiveCfg = Debug|Any CPU
		{FD11F5FC-AE8F-40BA-A399-A09196526DCE}.Debug|x64.Build.0 = Debug|Any CPU
		{FD11F5FC-AE8F-40BA-A399-A09196526DCE}.Debug|x86.ActiveCfg = Debug|Any CPU
		{FD11F5FC-AE8F-40BA-A399-A09196526DCE}.Debug|x86.Build.0 = Debug|Any CPU
		{FD11F5FC-AE8F-40BA-A399-A09196526DCE}.Release|Any CPU.ActiveCfg = Release|Any CPU
		{FD11F5FC-AE8F-40BA-A399-A09196526DCE}.Release|Any CPU.Build.0 = Release|Any CPU
		{FD11F5FC-AE8F-40BA-A399-A09196526DCE}.Release|x64.ActiveCfg = Release|Any CPU
		{FD11F5FC-AE8F-40BA-A399-A09196526DCE}.Release|x64.Build.0 = Release|Any CPU
		{FD11F5FC-AE8F-40BA-A399-A09196526DCE}.Release|x86.ActiveCfg = Release|Any CPU
		{FD11F5FC-AE8F-40BA-A399-A09196526DCE}.Release|x86.Build.0 = Release|Any CPU
		{A70A2747-32ED-447C-8682-6ECADD7792D1}.Debug|Any CPU.ActiveCfg = Debug|Any CPU
		{A70A2747-32ED-447C-8682-6ECADD7792D1}.Debug|Any CPU.Build.0 = Debug|Any CPU
		{A70A2747-32ED-447C-8682-6ECADD7792D1}.Debug|x64.ActiveCfg = Debug|Any CPU
		{A70A2747-32ED-447C-8682-6ECADD7792D1}.Debug|x64.Build.0 = Debug|Any CPU
		{A70A2747-32ED-447C-8682-6ECADD7792D1}.Debug|x86.ActiveCfg = Debug|Any CPU
		{A70A2747-32ED-447C-8682-6ECADD7792D1}.Debug|x86.Build.0 = Debug|Any CPU
		{A70A2747-32ED-447C-8682-6ECADD7792D1}.Release|Any CPU.ActiveCfg = Release|Any CPU
		{A70A2747-32ED-447C-8682-6ECADD7792D1}.Release|Any CPU.Build.0 = Release|Any CPU
		{A70A2747-32ED-447C-8682-6ECADD7792D1}.Release|x64.ActiveCfg = Release|Any CPU
		{A70A2747-32ED-447C-8682-6ECADD7792D1}.Release|x64.Build.0 = Release|Any CPU
		{A70A2747-32ED-447C-8682-6ECADD7792D1}.Release|x86.ActiveCfg = Release|Any CPU
		{A70A2747-32ED-447C-8682-6ECADD7792D1}.Release|x86.Build.0 = Release|Any CPU
	EndGlobalSection
	GlobalSection(SolutionProperties) = preSolution
		HideSolutionNode = FALSE
	EndGlobalSection
	GlobalSection(NestedProjects) = preSolution
		{FD11F5FC-AE8F-40BA-A399-A09196526DCE} = {793933BE-72CF-49A9-BB0E-37AC683D20F1}
		{A70A2747-32ED-447C-8682-6ECADD7792D1} = {793933BE-72CF-49A9-BB0E-37AC683D20F1}
	EndGlobalSection
	GlobalSection(ExtensibilityGlobals) = postSolution
		SolutionGuid = {3C911136-C5E4-4B75-A338-701601FCC3B0}
	EndGlobalSection
EndGlobal
