
Microsoft Visual Studio Solution File, Format Version 12.00
# Visual Studio Version 16
VisualStudioVersion = 16.0.28407.52
MinimumVisualStudioVersion = 15.0.26124.0
Project("{9A19103F-16F7-4668-BE54-9A1E7A4F7556}") = "Mordor.Process", "Mordor.Process\Mordor.Process.csproj", "{6C1AB472-CA0F-4E6D-A0E9-8D2733BF700B}"
EndProject
Project("{FAE04EC0-301F-11D3-BF4B-00C04F79EFBC}") = "ProcessTests", "ProcessTests\ProcessTests.csproj", "{67B8289C-CA21-49CC-B2B7-28C087D2EFD7}"
EndProject
Global
	GlobalSection(SolutionConfigurationPlatforms) = preSolution
		Debug|Any CPU = Debug|Any CPU
		Debug|x64 = Debug|x64
		Debug|x86 = Debug|x86
		Release|Any CPU = Release|Any CPU
		Release|x64 = Release|x64
		Release|x86 = Release|x86
	EndGlobalSection
	GlobalSection(ProjectConfigurationPlatforms) = postSolution
		{6C1AB472-CA0F-4E6D-A0E9-8D2733BF700B}.Debug|Any CPU.ActiveCfg = Debug|Any CPU
		{6C1AB472-CA0F-4E6D-A0E9-8D2733BF700B}.Debug|Any CPU.Build.0 = Debug|Any CPU
		{6C1AB472-CA0F-4E6D-A0E9-8D2733BF700B}.Debug|x64.ActiveCfg = Debug|Any CPU
		{6C1AB472-CA0F-4E6D-A0E9-8D2733BF700B}.Debug|x64.Build.0 = Debug|Any CPU
		{6C1AB472-CA0F-4E6D-A0E9-8D2733BF700B}.Debug|x86.ActiveCfg = Debug|Any CPU
		{6C1AB472-CA0F-4E6D-A0E9-8D2733BF700B}.Debug|x86.Build.0 = Debug|Any CPU
		{6C1AB472-CA0F-4E6D-A0E9-8D2733BF700B}.Release|Any CPU.ActiveCfg = Release|Any CPU
		{6C1AB472-CA0F-4E6D-A0E9-8D2733BF700B}.Release|Any CPU.Build.0 = Release|Any CPU
		{6C1AB472-CA0F-4E6D-A0E9-8D2733BF700B}.Release|x64.ActiveCfg = Release|Any CPU
		{6C1AB472-CA0F-4E6D-A0E9-8D2733BF700B}.Release|x64.Build.0 = Release|Any CPU
		{6C1AB472-CA0F-4E6D-A0E9-8D2733BF700B}.Release|x86.ActiveCfg = Release|Any CPU
		{6C1AB472-CA0F-4E6D-A0E9-8D2733BF700B}.Release|x86.Build.0 = Release|Any CPU
		{67B8289C-CA21-49CC-B2B7-28C087D2EFD7}.Debug|Any CPU.ActiveCfg = Debug|Any CPU
		{67B8289C-CA21-49CC-B2B7-28C087D2EFD7}.Debug|Any CPU.Build.0 = Debug|Any CPU
		{67B8289C-CA21-49CC-B2B7-28C087D2EFD7}.Debug|x64.ActiveCfg = Debug|Any CPU
		{67B8289C-CA21-49CC-B2B7-28C087D2EFD7}.Debug|x64.Build.0 = Debug|Any CPU
		{67B8289C-CA21-49CC-B2B7-28C087D2EFD7}.Debug|x86.ActiveCfg = Debug|Any CPU
		{67B8289C-CA21-49CC-B2B7-28C087D2EFD7}.Debug|x86.Build.0 = Debug|Any CPU
		{67B8289C-CA21-49CC-B2B7-28C087D2EFD7}.Release|Any CPU.ActiveCfg = Release|Any CPU
		{67B8289C-CA21-49CC-B2B7-28C087D2EFD7}.Release|Any CPU.Build.0 = Release|Any CPU
		{67B8289C-CA21-49CC-B2B7-28C087D2EFD7}.Release|x64.ActiveCfg = Release|Any CPU
		{67B8289C-CA21-49CC-B2B7-28C087D2EFD7}.Release|x64.Build.0 = Release|Any CPU
		{67B8289C-CA21-49CC-B2B7-28C087D2EFD7}.Release|x86.ActiveCfg = Release|Any CPU
		{67B8289C-CA21-49CC-B2B7-28C087D2EFD7}.Release|x86.Build.0 = Release|Any CPU
	EndGlobalSection
	GlobalSection(SolutionProperties) = preSolution
		HideSolutionNode = FALSE
	EndGlobalSection
	GlobalSection(ExtensibilityGlobals) = postSolution
		SolutionGuid = {98B623DF-4DA9-4104-AD9C-BCC67C7F45D4}
	EndGlobalSection
EndGlobal
